
Microsoft Visual Studio Solution File, Format Version 12.00
# Visual Studio 15
VisualStudioVersion = 15.0.27130.2027
MinimumVisualStudioVersion = 10.0.40219.1
Project("{FAE04EC0-301F-11D3-BF4B-00C04F79EFBC}") = "HandGesture_Recognition_Project", "HandGesture_Recognition_Project\HandGesture_Recognition_Project.csproj", "{DB0B6AFE-8840-44A3-B2EB-FEF1E299DFA7}"
EndProject
Global
	GlobalSection(SolutionConfigurationPlatforms) = preSolution
		Debug|Any CPU = Debug|Any CPU
		Release|Any CPU = Release|Any CPU
	EndGlobalSection
	GlobalSection(ProjectConfigurationPlatforms) = postSolution
		{DB0B6AFE-8840-44A3-B2EB-FEF1E299DFA7}.Debug|Any CPU.ActiveCfg = Debug|Any CPU
		{DB0B6AFE-8840-44A3-B2EB-FEF1E299DFA7}.Debug|Any CPU.Build.0 = Debug|Any CPU
		{DB0B6AFE-8840-44A3-B2EB-FEF1E299DFA7}.Release|Any CPU.ActiveCfg = Release|Any CPU
		{DB0B6AFE-8840-44A3-B2EB-FEF1E299DFA7}.Release|Any CPU.Build.0 = Release|Any CPU
	EndGlobalSection
	GlobalSection(SolutionProperties) = preSolution
		HideSolutionNode = FALSE
	EndGlobalSection
	GlobalSection(ExtensibilityGlobals) = postSolution
		SolutionGuid = {6435B2C4-0BD2-4335-81D9-9460B20F4339}
	EndGlobalSection
EndGlobal
